
Microsoft Visual Studio Solution File, Format Version 12.00
# Visual Studio Version 17
VisualStudioVersion = 17.10.34928.147
MinimumVisualStudioVersion = 10.0.40219.1
Project("{FAE04EC0-301F-11D3-BF4B-00C04F79EFBC}") = "BloodthiefDataReader", "BloodthiefDataReader.csproj", "{3F321D0C-9332-4DD8-84C4-72F4B047B27D}"
EndProject
Global
	GlobalSection(SolutionConfigurationPlatforms) = preSolution
		Debug|Any CPU = Debug|Any CPU
		Release|Any CPU = Release|Any CPU
	EndGlobalSection
	GlobalSection(ProjectConfigurationPlatforms) = postSolution
		{3F321D0C-9332-4DD8-84C4-72F4B047B27D}.Debug|Any CPU.ActiveCfg = Debug|Any CPU
		{3F321D0C-9332-4DD8-84C4-72F4B047B27D}.Debug|Any CPU.Build.0 = Debug|Any CPU
		{3F321D0C-9332-4DD8-84C4-72F4B047B27D}.Release|Any CPU.ActiveCfg = Release|Any CPU
		{3F321D0C-9332-4DD8-84C4-72F4B047B27D}.Release|Any CPU.Build.0 = Release|Any CPU
	EndGlobalSection
	GlobalSection(SolutionProperties) = preSolution
		HideSolutionNode = FALSE
	EndGlobalSection
	GlobalSection(ExtensibilityGlobals) = postSolution
		SolutionGuid = {D6454367-7AB9-470E-86FD-A97235AC208F}
	EndGlobalSection
EndGlobal
